
Microsoft Visual Studio Solution File, Format Version 12.00
# Visual Studio Version 17
VisualStudioVersion = 17.8.34322.80
MinimumVisualStudioVersion = 10.0.40219.1
Project("{FAE04EC0-301F-11D3-BF4B-00C04F79EFBC}") = "CarRental.Application", "CarRental.Application\CarRental.Application.csproj", "{5ED6C318-5C7B-461C-903A-2A4DE7889AAE}"
EndProject
Project("{FAE04EC0-301F-11D3-BF4B-00C04F79EFBC}") = "CarRental.Domain", "CarRental.Domain\CarRental.Domain.csproj", "{2149A872-EE39-4421-A75B-C2ED95C2BCA1}"
EndProject
Project("{FAE04EC0-301F-11D3-BF4B-00C04F79EFBC}") = "CarRental.Infrastructure", "CarRental.Infrastructure\CarRental.Infrastructure.csproj", "{DA93632F-EB0E-4E38-A6EE-3F98ED0638B4}"
EndProject
Project("{FAE04EC0-301F-11D3-BF4B-00C04F79EFBC}") = "CarRental.MVC", "CarRental.MVC\CarRental.MVC.csproj", "{F234AED4-4EDE-4789-A279-E3EAF70D551B}"
EndProject
Global
	GlobalSection(SolutionConfigurationPlatforms) = preSolution
		Debug|Any CPU = Debug|Any CPU
		Release|Any CPU = Release|Any CPU
	EndGlobalSection
	GlobalSection(ProjectConfigurationPlatforms) = postSolution
		{5ED6C318-5C7B-461C-903A-2A4DE7889AAE}.Debug|Any CPU.ActiveCfg = Debug|Any CPU
		{5ED6C318-5C7B-461C-903A-2A4DE7889AAE}.Debug|Any CPU.Build.0 = Debug|Any CPU
		{5ED6C318-5C7B-461C-903A-2A4DE7889AAE}.Release|Any CPU.ActiveCfg = Release|Any CPU
		{5ED6C318-5C7B-461C-903A-2A4DE7889AAE}.Release|Any CPU.Build.0 = Release|Any CPU
		{2149A872-EE39-4421-A75B-C2ED95C2BCA1}.Debug|Any CPU.ActiveCfg = Debug|Any CPU
		{2149A872-EE39-4421-A75B-C2ED95C2BCA1}.Debug|Any CPU.Build.0 = Debug|Any CPU
		{2149A872-EE39-4421-A75B-C2ED95C2BCA1}.Release|Any CPU.ActiveCfg = Release|Any CPU
		{2149A872-EE39-4421-A75B-C2ED95C2BCA1}.Release|Any CPU.Build.0 = Release|Any CPU
		{DA93632F-EB0E-4E38-A6EE-3F98ED0638B4}.Debug|Any CPU.ActiveCfg = Debug|Any CPU
		{DA93632F-EB0E-4E38-A6EE-3F98ED0638B4}.Debug|Any CPU.Build.0 = Debug|Any CPU
		{DA93632F-EB0E-4E38-A6EE-3F98ED0638B4}.Release|Any CPU.ActiveCfg = Release|Any CPU
		{DA93632F-EB0E-4E38-A6EE-3F98ED0638B4}.Release|Any CPU.Build.0 = Release|Any CPU
		{F234AED4-4EDE-4789-A279-E3EAF70D551B}.Debug|Any CPU.ActiveCfg = Debug|Any CPU
		{F234AED4-4EDE-4789-A279-E3EAF70D551B}.Debug|Any CPU.Build.0 = Debug|Any CPU
		{F234AED4-4EDE-4789-A279-E3EAF70D551B}.Release|Any CPU.ActiveCfg = Release|Any CPU
		{F234AED4-4EDE-4789-A279-E3EAF70D551B}.Release|Any CPU.Build.0 = Release|Any CPU
	EndGlobalSection
	GlobalSection(SolutionProperties) = preSolution
		HideSolutionNode = FALSE
	EndGlobalSection
	GlobalSection(ExtensibilityGlobals) = postSolution
		SolutionGuid = {4E1EBB1A-A3F7-48C2-B40F-4817CD9413F5}
	EndGlobalSection
EndGlobal
